// !$*UTF8*$!
{
	archiveVersion = 1;
	classes = {
	};
	objectVersion = 46;
	objects = {

/* Begin PBXBuildFile section */
		A409B38519A5166400C83BD4 /* libsqlite3.0.dylib in Frameworks */ = {isa = PBXBuildFile; fileRef = A409B38419A5166400C83BD4 /* libsqlite3.0.dylib */; };
		A409B3CB19A68DB700C83BD4 /* TMBFaqAnswerViewController.m in Sources */ = {isa = PBXBuildFile; fileRef = A409B39519A68DB700C83BD4 /* TMBFaqAnswerViewController.m */; };
		A409B3CC19A68DB700C83BD4 /* TMBFaqListViewController.m in Sources */ = {isa = PBXBuildFile; fileRef = A409B39719A68DB700C83BD4 /* TMBFaqListViewController.m */; };
		A409B3CE19A68DB700C83BD4 /* TMBClientDataViewController.m in Sources */ = {isa = PBXBuildFile; fileRef = A409B3A019A68DB700C83BD4 /* TMBClientDataViewController.m */; };
		A409B3CF19A68DB700C83BD4 /* TMBInstallationAdressDataViewController.m in Sources */ = {isa = PBXBuildFile; fileRef = A409B3A219A68DB700C83BD4 /* TMBInstallationAdressDataViewController.m */; };
		A409B3D019A68DB700C83BD4 /* TMBPackageAdhesionViewController.m in Sources */ = {isa = PBXBuildFile; fileRef = A409B3A419A68DB700C83BD4 /* TMBPackageAdhesionViewController.m */; };
		A409B3D119A68DB700C83BD4 /* TMBPackagePresentationViewController.m in Sources */ = {isa = PBXBuildFile; fileRef = A409B3A619A68DB700C83BD4 /* TMBPackagePresentationViewController.m */; };
		A409B3D219A68DB700C83BD4 /* TMBPaymentDataViewController.m in Sources */ = {isa = PBXBuildFile; fileRef = A409B3A819A68DB700C83BD4 /* TMBPaymentDataViewController.m */; };
		A409B3D319A68DB700C83BD4 /* TMBClient.m in Sources */ = {isa = PBXBuildFile; fileRef = A409B3AE19A68DB700C83BD4 /* TMBClient.m */; };
		A409B3D519A68DB700C83BD4 /* TMBPrivateSignatureDataDAO.m in Sources */ = {isa = PBXBuildFile; fileRef = A409B3B219A68DB700C83BD4 /* TMBPrivateSignatureDataDAO.m */; };
		A409B3D719A68DB700C83BD4 /* SKY_VENDA.sqlite in Resources */ = {isa = PBXBuildFile; fileRef = A409B3B619A68DB700C83BD4 /* SKY_VENDA.sqlite */; };
		A409B3D819A68DB700C83BD4 /* TMBFaqTableViewCell.m in Sources */ = {isa = PBXBuildFile; fileRef = A409B3BA19A68DB700C83BD4 /* TMBFaqTableViewCell.m */; };
		A409B3D919A68DB700C83BD4 /* Main_iPad.storyboard in Resources */ = {isa = PBXBuildFile; fileRef = A409B3BB19A68DB700C83BD4 /* Main_iPad.storyboard */; };
		A409B3DA19A68DB700C83BD4 /* Main_iPhone.storyboard in Resources */ = {isa = PBXBuildFile; fileRef = A409B3BC19A68DB700C83BD4 /* Main_iPhone.storyboard */; };
		A409B3DC19A68DB700C83BD4 /* TMBMapGetLocationTableViewCell.m in Sources */ = {isa = PBXBuildFile; fileRef = A409B3C119A68DB700C83BD4 /* TMBMapGetLocationTableViewCell.m */; };
		A409B3DD19A68DB700C83BD4 /* TMBPackagesPresentationTableViewCell.m in Sources */ = {isa = PBXBuildFile; fileRef = A409B3C319A68DB700C83BD4 /* TMBPackagesPresentationTableViewCell.m */; };
		A409B3DF19A68DB700C83BD4 /* TMBTextFieldTableViewCell.m in Sources */ = {isa = PBXBuildFile; fileRef = A409B3C719A68DB700C83BD4 /* TMBTextFieldTableViewCell.m */; };
		A409B3E019A68DB700C83BD4 /* TMBTextLabelTableViewCell.m in Sources */ = {isa = PBXBuildFile; fileRef = A409B3C919A68DB700C83BD4 /* TMBTextLabelTableViewCell.m */; };
		A409B3E319A6941A00C83BD4 /* TMBAdress.m in Sources */ = {isa = PBXBuildFile; fileRef = A409B3E219A6941A00C83BD4 /* TMBAdress.m */; };
		A409B3E919A6A8A000C83BD4 /* TMBCreditCard.m in Sources */ = {isa = PBXBuildFile; fileRef = A409B3E819A6A8A000C83BD4 /* TMBCreditCard.m */; };
		A409B3EC19A6AFDA00C83BD4 /* TMBSignature.m in Sources */ = {isa = PBXBuildFile; fileRef = A409B3EB19A6AFDA00C83BD4 /* TMBSignature.m */; };
		A409B3EF19A6D7BF00C83BD4 /* TMBSignatureSingleton.m in Sources */ = {isa = PBXBuildFile; fileRef = A409B3EE19A6D7BF00C83BD4 /* TMBSignatureSingleton.m */; };
		A477242919A94D4C000CF8E9 /* TMBImageTableViewCell.m in Sources */ = {isa = PBXBuildFile; fileRef = A477242819A94D4C000CF8E9 /* TMBImageTableViewCell.m */; };
		A481769419A7C96300455EE0 /* TMBFaq.m in Sources */ = {isa = PBXBuildFile; fileRef = A481769319A7C96300455EE0 /* TMBFaq.m */; };
		A481769719A7CA0300455EE0 /* TMBFaqDAO.m in Sources */ = {isa = PBXBuildFile; fileRef = A481769619A7CA0300455EE0 /* TMBFaqDAO.m */; };
		A481769A19A7D08800455EE0 /* TMBFaqSingleton.m in Sources */ = {isa = PBXBuildFile; fileRef = A481769919A7D08800455EE0 /* TMBFaqSingleton.m */; };
		A48176A019A82A4900455EE0 /* TMBPackageDAO.m in Sources */ = {isa = PBXBuildFile; fileRef = A481769F19A82A4900455EE0 /* TMBPackageDAO.m */; };
		A48176A319A82AF600455EE0 /* TMBPackage.m in Sources */ = {isa = PBXBuildFile; fileRef = A48176A219A82AF600455EE0 /* TMBPackage.m */; };
		A48176A619A82F7C00455EE0 /* TMBPackageSingleton.m in Sources */ = {isa = PBXBuildFile; fileRef = A48176A519A82F7C00455EE0 /* TMBPackageSingleton.m */; };
		A48BBDC119A8E2020060047F /* TMBEnterpriseContact.m in Sources */ = {isa = PBXBuildFile; fileRef = A48BBDC019A8E2020060047F /* TMBEnterpriseContact.m */; };
		A48BBDC419A8E8B40060047F /* TMBEnterpriseContactSingleton.m in Sources */ = {isa = PBXBuildFile; fileRef = A48BBDC319A8E8B40060047F /* TMBEnterpriseContactSingleton.m */; };
		A48BBDC719A8E9940060047F /* TMBEnterpriseContactDAO.m in Sources */ = {isa = PBXBuildFile; fileRef = A48BBDC619A8E9940060047F /* TMBEnterpriseContactDAO.m */; };
		A48BBDC919A8FE2B0060047F /* CoreLocation.framework in Frameworks */ = {isa = PBXBuildFile; fileRef = A48BBDC819A8FE2B0060047F /* CoreLocation.framework */; };
		A48BBDCB19A909440060047F /* MapKit.framework in Frameworks */ = {isa = PBXBuildFile; fileRef = A48BBDCA19A909440060047F /* MapKit.framework */; };
		A49C948719A92BDE00534BBF /* TMBButtonTableViewCell.m in Sources */ = {isa = PBXBuildFile; fileRef = A49C948619A92BDE00534BBF /* TMBButtonTableViewCell.m */; };
		A4BAD67419A21B0400EA244B /* iCarousel.m in Sources */ = {isa = PBXBuildFile; fileRef = A4BAD67319A21B0400EA244B /* iCarousel.m */; };
		A4C72EF819914B4E00536DD7 /* Foundation.framework in Frameworks */ = {isa = PBXBuildFile; fileRef = A4C72EF719914B4E00536DD7 /* Foundation.framework */; };
		A4C72EFA19914B4E00536DD7 /* CoreGraphics.framework in Frameworks */ = {isa = PBXBuildFile; fileRef = A4C72EF919914B4E00536DD7 /* CoreGraphics.framework */; };
		A4C72EFC19914B4E00536DD7 /* UIKit.framework in Frameworks */ = {isa = PBXBuildFile; fileRef = A4C72EFB19914B4E00536DD7 /* UIKit.framework */; };
		A4C72F0219914B4E00536DD7 /* InfoPlist.strings in Resources */ = {isa = PBXBuildFile; fileRef = A4C72F0019914B4E00536DD7 /* InfoPlist.strings */; };
		A4C72F0419914B4E00536DD7 /* main.m in Sources */ = {isa = PBXBuildFile; fileRef = A4C72F0319914B4E00536DD7 /* main.m */; };
		A4C72F0819914B4E00536DD7 /* TMBAppDelegate.m in Sources */ = {isa = PBXBuildFile; fileRef = A4C72F0719914B4E00536DD7 /* TMBAppDelegate.m */; };
		A4C72F1319914B4E00536DD7 /* Images.xcassets in Resources */ = {isa = PBXBuildFile; fileRef = A4C72F1219914B4E00536DD7 /* Images.xcassets */; };
		A4C72F1A19914B4E00536DD7 /* XCTest.framework in Frameworks */ = {isa = PBXBuildFile; fileRef = A4C72F1919914B4E00536DD7 /* XCTest.framework */; };
		A4C72F1B19914B4E00536DD7 /* Foundation.framework in Frameworks */ = {isa = PBXBuildFile; fileRef = A4C72EF719914B4E00536DD7 /* Foundation.framework */; };
		A4C72F1C19914B4E00536DD7 /* UIKit.framework in Frameworks */ = {isa = PBXBuildFile; fileRef = A4C72EFB19914B4E00536DD7 /* UIKit.framework */; };
		A4C72F2419914B4E00536DD7 /* InfoPlist.strings in Resources */ = {isa = PBXBuildFile; fileRef = A4C72F2219914B4E00536DD7 /* InfoPlist.strings */; };
		A4C72F2619914B4E00536DD7 /* Sky_VendaTests.m in Sources */ = {isa = PBXBuildFile; fileRef = A4C72F2519914B4E00536DD7 /* Sky_VendaTests.m */; };
		A4CA6C0919AA4C31002DEBA3 /* Background.png in Resources */ = {isa = PBXBuildFile; fileRef = A4CA6C0719AA4C31002DEBA3 /* Background.png */; };
		A4CA6C0A19AA4C31002DEBA3 /* Transparent.png in Resources */ = {isa = PBXBuildFile; fileRef = A4CA6C0819AA4C31002DEBA3 /* Transparent.png */; };
		A4CA6C0C19AA53E3002DEBA3 /* Background2.png in Resources */ = {isa = PBXBuildFile; fileRef = A4CA6C0B19AA53E3002DEBA3 /* Background2.png */; };
		A4CA6C0E19AA5714002DEBA3 /* Label.png in Resources */ = {isa = PBXBuildFile; fileRef = A4CA6C0D19AA5714002DEBA3 /* Label.png */; };
		A4D9E19F19ABEE6900E0B9A0 /* libCardIO.a in Frameworks */ = {isa = PBXBuildFile; fileRef = A4D9E19E19ABEE6900E0B9A0 /* libCardIO.a */; };
		A4D9E1A119ABF1E400E0B9A0 /* AudioToolbox.framework in Frameworks */ = {isa = PBXBuildFile; fileRef = A4D9E1A019ABF1E400E0B9A0 /* AudioToolbox.framework */; };
		A4D9E1A319ABF1ED00E0B9A0 /* AVFoundation.framework in Frameworks */ = {isa = PBXBuildFile; fileRef = A4D9E1A219ABF1ED00E0B9A0 /* AVFoundation.framework */; settings = {ATTRIBUTES = (Required, ); }; };
		A4D9E1A519ABF1FB00E0B9A0 /* CoreMedia.framework in Frameworks */ = {isa = PBXBuildFile; fileRef = A4D9E1A419ABF1FB00E0B9A0 /* CoreMedia.framework */; };
		A4D9E1A719ABF20100E0B9A0 /* CoreVideo.framework in Frameworks */ = {isa = PBXBuildFile; fileRef = A4D9E1A619ABF20100E0B9A0 /* CoreVideo.framework */; };
		A4D9E1A919ABF20F00E0B9A0 /* MobileCoreServices.framework in Frameworks */ = {isa = PBXBuildFile; fileRef = A4D9E1A819ABF20F00E0B9A0 /* MobileCoreServices.framework */; };
		A4D9E1AB19ABF21B00E0B9A0 /* OpenGLES.framework in Frameworks */ = {isa = PBXBuildFile; fileRef = A4D9E1AA19ABF21B00E0B9A0 /* OpenGLES.framework */; };
		A4D9E1AD19ABF22000E0B9A0 /* QuartzCore.framework in Frameworks */ = {isa = PBXBuildFile; fileRef = A4D9E1AC19ABF22000E0B9A0 /* QuartzCore.framework */; };
		A4D9E1AF19ABF22500E0B9A0 /* Security.framework in Frameworks */ = {isa = PBXBuildFile; fileRef = A4D9E1AE19ABF22500E0B9A0 /* Security.framework */; };
		A4D9E1B219ABF6A600E0B9A0 /* TMBCardIOAPIViewController.m in Sources */ = {isa = PBXBuildFile; fileRef = A4D9E1B119ABF6A500E0B9A0 /* TMBCardIOAPIViewController.m */; };
		A4D9E1B519ABFAD800E0B9A0 /* TMBPaymentSingleton.m in Sources */ = {isa = PBXBuildFile; fileRef = A4D9E1B419ABFAD800E0B9A0 /* TMBPaymentSingleton.m */; };
/* End PBXBuildFile section */

/* Begin PBXContainerItemProxy section */
		A4C72F1D19914B4E00536DD7 /* PBXContainerItemProxy */ = {
			isa = PBXContainerItemProxy;
			containerPortal = A4C72EEC19914B4E00536DD7 /* Project object */;
			proxyType = 1;
			remoteGlobalIDString = A4C72EF319914B4E00536DD7;
			remoteInfo = Sky_Venda;
		};
/* End PBXContainerItemProxy section */

/* Begin PBXFileReference section */
		A409B38419A5166400C83BD4 /* libsqlite3.0.dylib */ = {isa = PBXFileReference; lastKnownFileType = "compiled.mach-o.dylib"; name = libsqlite3.0.dylib; path = usr/lib/libsqlite3.0.dylib; sourceTree = SDKROOT; };
		A409B39419A68DB700C83BD4 /* TMBFaqAnswerViewController.h */ = {isa = PBXFileReference; fileEncoding = 4; lastKnownFileType = sourcecode.c.h; path = TMBFaqAnswerViewController.h; sourceTree = "<group>"; };
		A409B39519A68DB700C83BD4 /* TMBFaqAnswerViewController.m */ = {isa = PBXFileReference; fileEncoding = 4; lastKnownFileType = sourcecode.c.objc; path = TMBFaqAnswerViewController.m; sourceTree = "<group>"; };
		A409B39619A68DB700C83BD4 /* TMBFaqListViewController.h */ = {isa = PBXFileReference; fileEncoding = 4; lastKnownFileType = sourcecode.c.h; path = TMBFaqListViewController.h; sourceTree = "<group>"; };
		A409B39719A68DB700C83BD4 /* TMBFaqListViewController.m */ = {isa = PBXFileReference; fileEncoding = 4; lastKnownFileType = sourcecode.c.objc; path = TMBFaqListViewController.m; sourceTree = "<group>"; };
		A409B39F19A68DB700C83BD4 /* TMBClientDataViewController.h */ = {isa = PBXFileReference; fileEncoding = 4; lastKnownFileType = sourcecode.c.h; path = TMBClientDataViewController.h; sourceTree = "<group>"; };
		A409B3A019A68DB700C83BD4 /* TMBClientDataViewController.m */ = {isa = PBXFileReference; fileEncoding = 4; lastKnownFileType = sourcecode.c.objc; path = TMBClientDataViewController.m; sourceTree = "<group>"; };
		A409B3A119A68DB700C83BD4 /* TMBInstallationAdressDataViewController.h */ = {isa = PBXFileReference; fileEncoding = 4; lastKnownFileType = sourcecode.c.h; path = TMBInstallationAdressDataViewController.h; sourceTree = "<group>"; };
		A409B3A219A68DB700C83BD4 /* TMBInstallationAdressDataViewController.m */ = {isa = PBXFileReference; fileEncoding = 4; lastKnownFileType = sourcecode.c.objc; path = TMBInstallationAdressDataViewController.m; sourceTree = "<group>"; };
		A409B3A319A68DB700C83BD4 /* TMBPackageAdhesionViewController.h */ = {isa = PBXFileReference; fileEncoding = 4; lastKnownFileType = sourcecode.c.h; path = TMBPackageAdhesionViewController.h; sourceTree = "<group>"; };
		A409B3A419A68DB700C83BD4 /* TMBPackageAdhesionViewController.m */ = {isa = PBXFileReference; fileEncoding = 4; lastKnownFileType = sourcecode.c.objc; path = TMBPackageAdhesionViewController.m; sourceTree = "<group>"; };
		A409B3A519A68DB700C83BD4 /* TMBPackagePresentationViewController.h */ = {isa = PBXFileReference; fileEncoding = 4; lastKnownFileType = sourcecode.c.h; path = TMBPackagePresentationViewController.h; sourceTree = "<group>"; };
		A409B3A619A68DB700C83BD4 /* TMBPackagePresentationViewController.m */ = {isa = PBXFileReference; fileEncoding = 4; lastKnownFileType = sourcecode.c.objc; path = TMBPackagePresentationViewController.m; sourceTree = "<group>"; };
		A409B3A719A68DB700C83BD4 /* TMBPaymentDataViewController.h */ = {isa = PBXFileReference; fileEncoding = 4; lastKnownFileType = sourcecode.c.h; path = TMBPaymentDataViewController.h; sourceTree = "<group>"; };
		A409B3A819A68DB700C83BD4 /* TMBPaymentDataViewController.m */ = {isa = PBXFileReference; fileEncoding = 4; lastKnownFileType = sourcecode.c.objc; path = TMBPaymentDataViewController.m; sourceTree = "<group>"; };
		A409B3AD19A68DB700C83BD4 /* TMBClient.h */ = {isa = PBXFileReference; fileEncoding = 4; lastKnownFileType = sourcecode.c.h; path = TMBClient.h; sourceTree = "<group>"; };
		A409B3AE19A68DB700C83BD4 /* TMBClient.m */ = {isa = PBXFileReference; fileEncoding = 4; lastKnownFileType = sourcecode.c.objc; path = TMBClient.m; sourceTree = "<group>"; };
		A409B3B119A68DB700C83BD4 /* TMBPrivateSignatureDataDAO.h */ = {isa = PBXFileReference; fileEncoding = 4; lastKnownFileType = sourcecode.c.h; path = TMBPrivateSignatureDataDAO.h; sourceTree = "<group>"; };
		A409B3B219A68DB700C83BD4 /* TMBPrivateSignatureDataDAO.m */ = {isa = PBXFileReference; fileEncoding = 4; lastKnownFileType = sourcecode.c.objc; path = TMBPrivateSignatureDataDAO.m; sourceTree = "<group>"; };
		A409B3B619A68DB700C83BD4 /* SKY_VENDA.sqlite */ = {isa = PBXFileReference; lastKnownFileType = file; path = SKY_VENDA.sqlite; sourceTree = "<group>"; };
		A409B3B919A68DB700C83BD4 /* TMBFaqTableViewCell.h */ = {isa = PBXFileReference; fileEncoding = 4; lastKnownFileType = sourcecode.c.h; path = TMBFaqTableViewCell.h; sourceTree = "<group>"; };
		A409B3BA19A68DB700C83BD4 /* TMBFaqTableViewCell.m */ = {isa = PBXFileReference; fileEncoding = 4; lastKnownFileType = sourcecode.c.objc; path = TMBFaqTableViewCell.m; sourceTree = "<group>"; };
		A409B3BB19A68DB700C83BD4 /* Main_iPad.storyboard */ = {isa = PBXFileReference; fileEncoding = 4; lastKnownFileType = file.storyboard; path = Main_iPad.storyboard; sourceTree = "<group>"; };
		A409B3BC19A68DB700C83BD4 /* Main_iPhone.storyboard */ = {isa = PBXFileReference; fileEncoding = 4; lastKnownFileType = file.storyboard; path = Main_iPhone.storyboard; sourceTree = "<group>"; };
		A409B3C019A68DB700C83BD4 /* TMBMapGetLocationTableViewCell.h */ = {isa = PBXFileReference; fileEncoding = 4; lastKnownFileType = sourcecode.c.h; path = TMBMapGetLocationTableViewCell.h; sourceTree = "<group>"; };
		A409B3C119A68DB700C83BD4 /* TMBMapGetLocationTableViewCell.m */ = {isa = PBXFileReference; fileEncoding = 4; lastKnownFileType = sourcecode.c.objc; path = TMBMapGetLocationTableViewCell.m; sourceTree = "<group>"; };
		A409B3C219A68DB700C83BD4 /* TMBPackagesPresentationTableViewCell.h */ = {isa = PBXFileReference; fileEncoding = 4; lastKnownFileType = sourcecode.c.h; path = TMBPackagesPresentationTableViewCell.h; sourceTree = "<group>"; };
		A409B3C319A68DB700C83BD4 /* TMBPackagesPresentationTableViewCell.m */ = {isa = PBXFileReference; fileEncoding = 4; lastKnownFileType = sourcecode.c.objc; path = TMBPackagesPresentationTableViewCell.m; sourceTree = "<group>"; };
		A409B3C619A68DB700C83BD4 /* TMBTextFieldTableViewCell.h */ = {isa = PBXFileReference; fileEncoding = 4; lastKnownFileType = sourcecode.c.h; path = TMBTextFieldTableViewCell.h; sourceTree = "<group>"; };
		A409B3C719A68DB700C83BD4 /* TMBTextFieldTableViewCell.m */ = {isa = PBXFileReference; fileEncoding = 4; lastKnownFileType = sourcecode.c.objc; path = TMBTextFieldTableViewCell.m; sourceTree = "<group>"; };
		A409B3C819A68DB700C83BD4 /* TMBTextLabelTableViewCell.h */ = {isa = PBXFileReference; fileEncoding = 4; lastKnownFileType = sourcecode.c.h; path = TMBTextLabelTableViewCell.h; sourceTree = "<group>"; };
		A409B3C919A68DB700C83BD4 /* TMBTextLabelTableViewCell.m */ = {isa = PBXFileReference; fileEncoding = 4; lastKnownFileType = sourcecode.c.objc; path = TMBTextLabelTableViewCell.m; sourceTree = "<group>"; };
		A409B3E119A6941A00C83BD4 /* TMBAdress.h */ = {isa = PBXFileReference; fileEncoding = 4; lastKnownFileType = sourcecode.c.h; path = TMBAdress.h; sourceTree = "<group>"; };
		A409B3E219A6941A00C83BD4 /* TMBAdress.m */ = {isa = PBXFileReference; fileEncoding = 4; lastKnownFileType = sourcecode.c.objc; path = TMBAdress.m; sourceTree = "<group>"; };
		A409B3E719A6A8A000C83BD4 /* TMBCreditCard.h */ = {isa = PBXFileReference; fileEncoding = 4; lastKnownFileType = sourcecode.c.h; path = TMBCreditCard.h; sourceTree = "<group>"; };
		A409B3E819A6A8A000C83BD4 /* TMBCreditCard.m */ = {isa = PBXFileReference; fileEncoding = 4; lastKnownFileType = sourcecode.c.objc; path = TMBCreditCard.m; sourceTree = "<group>"; };
		A409B3EA19A6AFDA00C83BD4 /* TMBSignature.h */ = {isa = PBXFileReference; fileEncoding = 4; lastKnownFileType = sourcecode.c.h; path = TMBSignature.h; sourceTree = "<group>"; };
		A409B3EB19A6AFDA00C83BD4 /* TMBSignature.m */ = {isa = PBXFileReference; fileEncoding = 4; lastKnownFileType = sourcecode.c.objc; path = TMBSignature.m; sourceTree = "<group>"; };
		A409B3ED19A6D7BF00C83BD4 /* TMBSignatureSingleton.h */ = {isa = PBXFileReference; fileEncoding = 4; lastKnownFileType = sourcecode.c.h; path = TMBSignatureSingleton.h; sourceTree = "<group>"; };
		A409B3EE19A6D7BF00C83BD4 /* TMBSignatureSingleton.m */ = {isa = PBXFileReference; fileEncoding = 4; lastKnownFileType = sourcecode.c.objc; path = TMBSignatureSingleton.m; sourceTree = "<group>"; };
		A477242719A94D4C000CF8E9 /* TMBImageTableViewCell.h */ = {isa = PBXFileReference; fileEncoding = 4; lastKnownFileType = sourcecode.c.h; path = TMBImageTableViewCell.h; sourceTree = "<group>"; };
		A477242819A94D4C000CF8E9 /* TMBImageTableViewCell.m */ = {isa = PBXFileReference; fileEncoding = 4; lastKnownFileType = sourcecode.c.objc; path = TMBImageTableViewCell.m; sourceTree = "<group>"; };
		A481769219A7C96300455EE0 /* TMBFaq.h */ = {isa = PBXFileReference; fileEncoding = 4; lastKnownFileType = sourcecode.c.h; path = TMBFaq.h; sourceTree = "<group>"; };
		A481769319A7C96300455EE0 /* TMBFaq.m */ = {isa = PBXFileReference; fileEncoding = 4; lastKnownFileType = sourcecode.c.objc; path = TMBFaq.m; sourceTree = "<group>"; };
		A481769519A7CA0300455EE0 /* TMBFaqDAO.h */ = {isa = PBXFileReference; fileEncoding = 4; lastKnownFileType = sourcecode.c.h; path = TMBFaqDAO.h; sourceTree = "<group>"; };
		A481769619A7CA0300455EE0 /* TMBFaqDAO.m */ = {isa = PBXFileReference; fileEncoding = 4; lastKnownFileType = sourcecode.c.objc; path = TMBFaqDAO.m; sourceTree = "<group>"; };
		A481769819A7D08800455EE0 /* TMBFaqSingleton.h */ = {isa = PBXFileReference; fileEncoding = 4; lastKnownFileType = sourcecode.c.h; path = TMBFaqSingleton.h; sourceTree = "<group>"; };
		A481769919A7D08800455EE0 /* TMBFaqSingleton.m */ = {isa = PBXFileReference; fileEncoding = 4; lastKnownFileType = sourcecode.c.objc; path = TMBFaqSingleton.m; sourceTree = "<group>"; };
		A481769E19A82A4900455EE0 /* TMBPackageDAO.h */ = {isa = PBXFileReference; fileEncoding = 4; lastKnownFileType = sourcecode.c.h; path = TMBPackageDAO.h; sourceTree = "<group>"; };
		A481769F19A82A4900455EE0 /* TMBPackageDAO.m */ = {isa = PBXFileReference; fileEncoding = 4; lastKnownFileType = sourcecode.c.objc; path = TMBPackageDAO.m; sourceTree = "<group>"; };
		A48176A119A82AF600455EE0 /* TMBPackage.h */ = {isa = PBXFileReference; fileEncoding = 4; lastKnownFileType = sourcecode.c.h; path = TMBPackage.h; sourceTree = "<group>"; };
		A48176A219A82AF600455EE0 /* TMBPackage.m */ = {isa = PBXFileReference; fileEncoding = 4; lastKnownFileType = sourcecode.c.objc; path = TMBPackage.m; sourceTree = "<group>"; };
		A48176A419A82F7C00455EE0 /* TMBPackageSingleton.h */ = {isa = PBXFileReference; fileEncoding = 4; lastKnownFileType = sourcecode.c.h; path = TMBPackageSingleton.h; sourceTree = "<group>"; };
		A48176A519A82F7C00455EE0 /* TMBPackageSingleton.m */ = {isa = PBXFileReference; fileEncoding = 4; lastKnownFileType = sourcecode.c.objc; path = TMBPackageSingleton.m; sourceTree = "<group>"; };
		A48BBDBF19A8E2020060047F /* TMBEnterpriseContact.h */ = {isa = PBXFileReference; fileEncoding = 4; lastKnownFileType = sourcecode.c.h; path = TMBEnterpriseContact.h; sourceTree = "<group>"; };
		A48BBDC019A8E2020060047F /* TMBEnterpriseContact.m */ = {isa = PBXFileReference; fileEncoding = 4; lastKnownFileType = sourcecode.c.objc; path = TMBEnterpriseContact.m; sourceTree = "<group>"; };
		A48BBDC219A8E8B40060047F /* TMBEnterpriseContactSingleton.h */ = {isa = PBXFileReference; fileEncoding = 4; lastKnownFileType = sourcecode.c.h; path = TMBEnterpriseContactSingleton.h; sourceTree = "<group>"; };
		A48BBDC319A8E8B40060047F /* TMBEnterpriseContactSingleton.m */ = {isa = PBXFileReference; fileEncoding = 4; lastKnownFileType = sourcecode.c.objc; path = TMBEnterpriseContactSingleton.m; sourceTree = "<group>"; };
		A48BBDC519A8E9940060047F /* TMBEnterpriseContactDAO.h */ = {isa = PBXFileReference; fileEncoding = 4; lastKnownFileType = sourcecode.c.h; path = TMBEnterpriseContactDAO.h; sourceTree = "<group>"; };
		A48BBDC619A8E9940060047F /* TMBEnterpriseContactDAO.m */ = {isa = PBXFileReference; fileEncoding = 4; lastKnownFileType = sourcecode.c.objc; path = TMBEnterpriseContactDAO.m; sourceTree = "<group>"; };
		A48BBDC819A8FE2B0060047F /* CoreLocation.framework */ = {isa = PBXFileReference; lastKnownFileType = wrapper.framework; name = CoreLocation.framework; path = System/Library/Frameworks/CoreLocation.framework; sourceTree = SDKROOT; };
		A48BBDCA19A909440060047F /* MapKit.framework */ = {isa = PBXFileReference; lastKnownFileType = wrapper.framework; name = MapKit.framework; path = System/Library/Frameworks/MapKit.framework; sourceTree = SDKROOT; };
		A49C948519A92BDE00534BBF /* TMBButtonTableViewCell.h */ = {isa = PBXFileReference; fileEncoding = 4; lastKnownFileType = sourcecode.c.h; path = TMBButtonTableViewCell.h; sourceTree = "<group>"; };
		A49C948619A92BDE00534BBF /* TMBButtonTableViewCell.m */ = {isa = PBXFileReference; fileEncoding = 4; lastKnownFileType = sourcecode.c.objc; path = TMBButtonTableViewCell.m; sourceTree = "<group>"; };
		A4BAD67219A21B0400EA244B /* iCarousel.h */ = {isa = PBXFileReference; fileEncoding = 4; lastKnownFileType = sourcecode.c.h; path = iCarousel.h; sourceTree = "<group>"; };
		A4BAD67319A21B0400EA244B /* iCarousel.m */ = {isa = PBXFileReference; fileEncoding = 4; lastKnownFileType = sourcecode.c.objc; path = iCarousel.m; sourceTree = "<group>"; };
		A4C72EF419914B4E00536DD7 /* Sky_Venda.app */ = {isa = PBXFileReference; explicitFileType = wrapper.application; includeInIndex = 0; path = Sky_Venda.app; sourceTree = BUILT_PRODUCTS_DIR; };
		A4C72EF719914B4E00536DD7 /* Foundation.framework */ = {isa = PBXFileReference; lastKnownFileType = wrapper.framework; name = Foundation.framework; path = System/Library/Frameworks/Foundation.framework; sourceTree = SDKROOT; };
		A4C72EF919914B4E00536DD7 /* CoreGraphics.framework */ = {isa = PBXFileReference; lastKnownFileType = wrapper.framework; name = CoreGraphics.framework; path = System/Library/Frameworks/CoreGraphics.framework; sourceTree = SDKROOT; };
		A4C72EFB19914B4E00536DD7 /* UIKit.framework */ = {isa = PBXFileReference; lastKnownFileType = wrapper.framework; name = UIKit.framework; path = System/Library/Frameworks/UIKit.framework; sourceTree = SDKROOT; };
		A4C72EFF19914B4E00536DD7 /* Sky_Venda-Info.plist */ = {isa = PBXFileReference; lastKnownFileType = text.plist.xml; path = "Sky_Venda-Info.plist"; sourceTree = "<group>"; };
		A4C72F0119914B4E00536DD7 /* en */ = {isa = PBXFileReference; lastKnownFileType = text.plist.strings; name = en; path = en.lproj/InfoPlist.strings; sourceTree = "<group>"; };
		A4C72F0319914B4E00536DD7 /* main.m */ = {isa = PBXFileReference; lastKnownFileType = sourcecode.c.objc; path = main.m; sourceTree = "<group>"; };
		A4C72F0519914B4E00536DD7 /* Sky_Venda-Prefix.pch */ = {isa = PBXFileReference; lastKnownFileType = sourcecode.c.h; path = "Sky_Venda-Prefix.pch"; sourceTree = "<group>"; };
		A4C72F0619914B4E00536DD7 /* TMBAppDelegate.h */ = {isa = PBXFileReference; lastKnownFileType = sourcecode.c.h; path = TMBAppDelegate.h; sourceTree = "<group>"; };
		A4C72F0719914B4E00536DD7 /* TMBAppDelegate.m */ = {isa = PBXFileReference; lastKnownFileType = sourcecode.c.objc; path = TMBAppDelegate.m; sourceTree = "<group>"; };
		A4C72F1219914B4E00536DD7 /* Images.xcassets */ = {isa = PBXFileReference; lastKnownFileType = folder.assetcatalog; path = Images.xcassets; sourceTree = "<group>"; };
		A4C72F1819914B4E00536DD7 /* Sky_VendaTests.xctest */ = {isa = PBXFileReference; explicitFileType = wrapper.cfbundle; includeInIndex = 0; path = Sky_VendaTests.xctest; sourceTree = BUILT_PRODUCTS_DIR; };
		A4C72F1919914B4E00536DD7 /* XCTest.framework */ = {isa = PBXFileReference; lastKnownFileType = wrapper.framework; name = XCTest.framework; path = Library/Frameworks/XCTest.framework; sourceTree = DEVELOPER_DIR; };
		A4C72F2119914B4E00536DD7 /* Sky_VendaTests-Info.plist */ = {isa = PBXFileReference; lastKnownFileType = text.plist.xml; path = "Sky_VendaTests-Info.plist"; sourceTree = "<group>"; };
		A4C72F2319914B4E00536DD7 /* en */ = {isa = PBXFileReference; lastKnownFileType = text.plist.strings; name = en; path = en.lproj/InfoPlist.strings; sourceTree = "<group>"; };
		A4C72F2519914B4E00536DD7 /* Sky_VendaTests.m */ = {isa = PBXFileReference; lastKnownFileType = sourcecode.c.objc; path = Sky_VendaTests.m; sourceTree = "<group>"; };
		A4CA6C0719AA4C31002DEBA3 /* Background.png */ = {isa = PBXFileReference; lastKnownFileType = image.png; path = Background.png; sourceTree = "<group>"; };
		A4CA6C0819AA4C31002DEBA3 /* Transparent.png */ = {isa = PBXFileReference; lastKnownFileType = image.png; path = Transparent.png; sourceTree = "<group>"; };
		A4CA6C0B19AA53E3002DEBA3 /* Background2.png */ = {isa = PBXFileReference; lastKnownFileType = image.png; path = Background2.png; sourceTree = "<group>"; };
		A4CA6C0D19AA5714002DEBA3 /* Label.png */ = {isa = PBXFileReference; lastKnownFileType = image.png; path = Label.png; sourceTree = "<group>"; };
		A4D9E19819ABEE6900E0B9A0 /* CardIO.h */ = {isa = PBXFileReference; fileEncoding = 4; lastKnownFileType = sourcecode.c.h; path = CardIO.h; sourceTree = "<group>"; };
		A4D9E19919ABEE6900E0B9A0 /* CardIOCreditCardInfo.h */ = {isa = PBXFileReference; fileEncoding = 4; lastKnownFileType = sourcecode.c.h; path = CardIOCreditCardInfo.h; sourceTree = "<group>"; };
		A4D9E19A19ABEE6900E0B9A0 /* CardIOPaymentViewController.h */ = {isa = PBXFileReference; fileEncoding = 4; lastKnownFileType = sourcecode.c.h; path = CardIOPaymentViewController.h; sourceTree = "<group>"; };
		A4D9E19B19ABEE6900E0B9A0 /* CardIOPaymentViewControllerDelegate.h */ = {isa = PBXFileReference; fileEncoding = 4; lastKnownFileType = sourcecode.c.h; path = CardIOPaymentViewControllerDelegate.h; sourceTree = "<group>"; };
		A4D9E19C19ABEE6900E0B9A0 /* CardIOView.h */ = {isa = PBXFileReference; fileEncoding = 4; lastKnownFileType = sourcecode.c.h; path = CardIOView.h; sourceTree = "<group>"; };
		A4D9E19D19ABEE6900E0B9A0 /* CardIOViewDelegate.h */ = {isa = PBXFileReference; fileEncoding = 4; lastKnownFileType = sourcecode.c.h; path = CardIOViewDelegate.h; sourceTree = "<group>"; };
		A4D9E19E19ABEE6900E0B9A0 /* libCardIO.a */ = {isa = PBXFileReference; lastKnownFileType = archive.ar; path = libCardIO.a; sourceTree = "<group>"; };
		A4D9E1A019ABF1E400E0B9A0 /* AudioToolbox.framework */ = {isa = PBXFileReference; lastKnownFileType = wrapper.framework; name = AudioToolbox.framework; path = System/Library/Frameworks/AudioToolbox.framework; sourceTree = SDKROOT; };
		A4D9E1A219ABF1ED00E0B9A0 /* AVFoundation.framework */ = {isa = PBXFileReference; lastKnownFileType = wrapper.framework; name = AVFoundation.framework; path = System/Library/Frameworks/AVFoundation.framework; sourceTree = SDKROOT; };
		A4D9E1A419ABF1FB00E0B9A0 /* CoreMedia.framework */ = {isa = PBXFileReference; lastKnownFileType = wrapper.framework; name = CoreMedia.framework; path = System/Library/Frameworks/CoreMedia.framework; sourceTree = SDKROOT; };
		A4D9E1A619ABF20100E0B9A0 /* CoreVideo.framework */ = {isa = PBXFileReference; lastKnownFileType = wrapper.framework; name = CoreVideo.framework; path = System/Library/Frameworks/CoreVideo.framework; sourceTree = SDKROOT; };
		A4D9E1A819ABF20F00E0B9A0 /* MobileCoreServices.framework */ = {isa = PBXFileReference; lastKnownFileType = wrapper.framework; name = MobileCoreServices.framework; path = System/Library/Frameworks/MobileCoreServices.framework; sourceTree = SDKROOT; };
		A4D9E1AA19ABF21B00E0B9A0 /* OpenGLES.framework */ = {isa = PBXFileReference; lastKnownFileType = wrapper.framework; name = OpenGLES.framework; path = System/Library/Frameworks/OpenGLES.framework; sourceTree = SDKROOT; };
		A4D9E1AC19ABF22000E0B9A0 /* QuartzCore.framework */ = {isa = PBXFileReference; lastKnownFileType = wrapper.framework; name = QuartzCore.framework; path = System/Library/Frameworks/QuartzCore.framework; sourceTree = SDKROOT; };
		A4D9E1AE19ABF22500E0B9A0 /* Security.framework */ = {isa = PBXFileReference; lastKnownFileType = wrapper.framework; name = Security.framework; path = System/Library/Frameworks/Security.framework; sourceTree = SDKROOT; };
		A4D9E1B019ABF6A500E0B9A0 /* TMBCardIOAPIViewController.h */ = {isa = PBXFileReference; fileEncoding = 4; lastKnownFileType = sourcecode.c.h; path = TMBCardIOAPIViewController.h; sourceTree = "<group>"; };
		A4D9E1B119ABF6A500E0B9A0 /* TMBCardIOAPIViewController.m */ = {isa = PBXFileReference; fileEncoding = 4; lastKnownFileType = sourcecode.c.objc; path = TMBCardIOAPIViewController.m; sourceTree = "<group>"; };
		A4D9E1B319ABFAD800E0B9A0 /* TMBPaymentSingleton.h */ = {isa = PBXFileReference; fileEncoding = 4; lastKnownFileType = sourcecode.c.h; path = TMBPaymentSingleton.h; sourceTree = "<group>"; };
		A4D9E1B419ABFAD800E0B9A0 /* TMBPaymentSingleton.m */ = {isa = PBXFileReference; fileEncoding = 4; lastKnownFileType = sourcecode.c.objc; path = TMBPaymentSingleton.m; sourceTree = "<group>"; };
/* End PBXFileReference section */

/* Begin PBXFrameworksBuildPhase section */
		A4C72EF119914B4E00536DD7 /* Frameworks */ = {
			isa = PBXFrameworksBuildPhase;
			buildActionMask = 2147483647;
			files = (
				A4C72EFC19914B4E00536DD7 /* UIKit.framework in Frameworks */,
				A4D9E1AF19ABF22500E0B9A0 /* Security.framework in Frameworks */,
				A4D9E1AD19ABF22000E0B9A0 /* QuartzCore.framework in Frameworks */,
				A4D9E1AB19ABF21B00E0B9A0 /* OpenGLES.framework in Frameworks */,
				A4D9E1A919ABF20F00E0B9A0 /* MobileCoreServices.framework in Frameworks */,
				A4C72EF819914B4E00536DD7 /* Foundation.framework in Frameworks */,
				A4D9E1A719ABF20100E0B9A0 /* CoreVideo.framework in Frameworks */,
				A4D9E1A519ABF1FB00E0B9A0 /* CoreMedia.framework in Frameworks */,
				A4C72EFA19914B4E00536DD7 /* CoreGraphics.framework in Frameworks */,
				A4D9E1A319ABF1ED00E0B9A0 /* AVFoundation.framework in Frameworks */,
				A4D9E1A119ABF1E400E0B9A0 /* AudioToolbox.framework in Frameworks */,
				A4D9E19F19ABEE6900E0B9A0 /* libCardIO.a in Frameworks */,
				A48BBDC919A8FE2B0060047F /* CoreLocation.framework in Frameworks */,
				A409B38519A5166400C83BD4 /* libsqlite3.0.dylib in Frameworks */,
				A48BBDCB19A909440060047F /* MapKit.framework in Frameworks */,
			);
			runOnlyForDeploymentPostprocessing = 0;
		};
		A4C72F1519914B4E00536DD7 /* Frameworks */ = {
			isa = PBXFrameworksBuildPhase;
			buildActionMask = 2147483647;
			files = (
				A4C72F1A19914B4E00536DD7 /* XCTest.framework in Frameworks */,
				A4C72F1C19914B4E00536DD7 /* UIKit.framework in Frameworks */,
				A4C72F1B19914B4E00536DD7 /* Foundation.framework in Frameworks */,
			);
			runOnlyForDeploymentPostprocessing = 0;
		};
/* End PBXFrameworksBuildPhase section */

/* Begin PBXGroup section */
		A409B39219A68DB700C83BD4 /* Controllers */ = {
			isa = PBXGroup;
			children = (
				A409B39319A68DB700C83BD4 /* Faq */,
				A409B39819A68DB700C83BD4 /* Package */,
			);
			path = Controllers;
			sourceTree = "<group>";
		};
		A409B39319A68DB700C83BD4 /* Faq */ = {
			isa = PBXGroup;
			children = (
				A409B39419A68DB700C83BD4 /* TMBFaqAnswerViewController.h */,
				A409B39519A68DB700C83BD4 /* TMBFaqAnswerViewController.m */,
				A409B39619A68DB700C83BD4 /* TMBFaqListViewController.h */,
				A409B39719A68DB700C83BD4 /* TMBFaqListViewController.m */,
			);
			path = Faq;
			sourceTree = "<group>";
		};
		A409B39819A68DB700C83BD4 /* Package */ = {
			isa = PBXGroup;
			children = (
				A409B39C19A68DB700C83BD4 /* ClientData */,
				A409B39D19A68DB700C83BD4 /* InstallationAdressData */,
				A409B39E19A68DB700C83BD4 /* PaymentData */,
				A409B3A519A68DB700C83BD4 /* TMBPackagePresentationViewController.h */,
				A409B3A619A68DB700C83BD4 /* TMBPackagePresentationViewController.m */,
				A409B39F19A68DB700C83BD4 /* TMBClientDataViewController.h */,
				A409B3A019A68DB700C83BD4 /* TMBClientDataViewController.m */,
				A409B3A119A68DB700C83BD4 /* TMBInstallationAdressDataViewController.h */,
				A409B3A219A68DB700C83BD4 /* TMBInstallationAdressDataViewController.m */,
				A409B3A719A68DB700C83BD4 /* TMBPaymentDataViewController.h */,
				A409B3A819A68DB700C83BD4 /* TMBPaymentDataViewController.m */,
				A4D9E1B019ABF6A500E0B9A0 /* TMBCardIOAPIViewController.h */,
				A4D9E1B119ABF6A500E0B9A0 /* TMBCardIOAPIViewController.m */,
				A409B3A319A68DB700C83BD4 /* TMBPackageAdhesionViewController.h */,
				A409B3A419A68DB700C83BD4 /* TMBPackageAdhesionViewController.m */,
			);
			path = Package;
			sourceTree = "<group>";
		};
		A409B39C19A68DB700C83BD4 /* ClientData */ = {
			isa = PBXGroup;
			children = (
			);
			path = ClientData;
			sourceTree = "<group>";
		};
		A409B39D19A68DB700C83BD4 /* InstallationAdressData */ = {
			isa = PBXGroup;
			children = (
			);
			path = InstallationAdressData;
			sourceTree = "<group>";
		};
		A409B39E19A68DB700C83BD4 /* PaymentData */ = {
			isa = PBXGroup;
			children = (
			);
			path = PaymentData;
			sourceTree = "<group>";
		};
		A409B3AA19A68DB700C83BD4 /* Models */ = {
			isa = PBXGroup;
			children = (
				A409B3AB19A68DB700C83BD4 /* Faq */,
				A409B3AC19A68DB700C83BD4 /* Packages */,
				A409B3B619A68DB700C83BD4 /* SKY_VENDA.sqlite */,
				A48BBDBF19A8E2020060047F /* TMBEnterpriseContact.h */,
				A48BBDC019A8E2020060047F /* TMBEnterpriseContact.m */,
				A48BBDC219A8E8B40060047F /* TMBEnterpriseContactSingleton.h */,
				A48BBDC319A8E8B40060047F /* TMBEnterpriseContactSingleton.m */,
				A48BBDC519A8E9940060047F /* TMBEnterpriseContactDAO.h */,
				A48BBDC619A8E9940060047F /* TMBEnterpriseContactDAO.m */,
			);
			path = Models;
			sourceTree = "<group>";
		};
		A409B3AB19A68DB700C83BD4 /* Faq */ = {
			isa = PBXGroup;
			children = (
				A481769219A7C96300455EE0 /* TMBFaq.h */,
				A481769319A7C96300455EE0 /* TMBFaq.m */,
				A481769519A7CA0300455EE0 /* TMBFaqDAO.h */,
				A481769619A7CA0300455EE0 /* TMBFaqDAO.m */,
				A481769819A7D08800455EE0 /* TMBFaqSingleton.h */,
				A481769919A7D08800455EE0 /* TMBFaqSingleton.m */,
			);
			path = Faq;
			sourceTree = "<group>";
		};
		A409B3AC19A68DB700C83BD4 /* Packages */ = {
			isa = PBXGroup;
			children = (
				A409B3AD19A68DB700C83BD4 /* TMBClient.h */,
				A409B3AE19A68DB700C83BD4 /* TMBClient.m */,
				A409B3E119A6941A00C83BD4 /* TMBAdress.h */,
				A409B3E219A6941A00C83BD4 /* TMBAdress.m */,
				A409B3E719A6A8A000C83BD4 /* TMBCreditCard.h */,
				A409B3E819A6A8A000C83BD4 /* TMBCreditCard.m */,
				A409B3EA19A6AFDA00C83BD4 /* TMBSignature.h */,
				A409B3EB19A6AFDA00C83BD4 /* TMBSignature.m */,
				A409B3B119A68DB700C83BD4 /* TMBPrivateSignatureDataDAO.h */,
				A409B3B219A68DB700C83BD4 /* TMBPrivateSignatureDataDAO.m */,
				A409B3ED19A6D7BF00C83BD4 /* TMBSignatureSingleton.h */,
				A409B3EE19A6D7BF00C83BD4 /* TMBSignatureSingleton.m */,
				A48176A119A82AF600455EE0 /* TMBPackage.h */,
				A48176A219A82AF600455EE0 /* TMBPackage.m */,
				A481769E19A82A4900455EE0 /* TMBPackageDAO.h */,
				A481769F19A82A4900455EE0 /* TMBPackageDAO.m */,
				A48176A419A82F7C00455EE0 /* TMBPackageSingleton.h */,
				A48176A519A82F7C00455EE0 /* TMBPackageSingleton.m */,
				A4D9E1B319ABFAD800E0B9A0 /* TMBPaymentSingleton.h */,
				A4D9E1B419ABFAD800E0B9A0 /* TMBPaymentSingleton.m */,
			);
			path = Packages;
			sourceTree = "<group>";
		};
		A409B3B719A68DB700C83BD4 /* Views */ = {
			isa = PBXGroup;
			children = (
				A409B3B819A68DB700C83BD4 /* Faq */,
				A409B3BB19A68DB700C83BD4 /* Main_iPad.storyboard */,
				A409B3BC19A68DB700C83BD4 /* Main_iPhone.storyboard */,
				A409B3BD19A68DB700C83BD4 /* Packages */,
			);
			path = Views;
			sourceTree = "<group>";
		};
		A409B3B819A68DB700C83BD4 /* Faq */ = {
			isa = PBXGroup;
			children = (
				A409B3B919A68DB700C83BD4 /* TMBFaqTableViewCell.h */,
				A409B3BA19A68DB700C83BD4 /* TMBFaqTableViewCell.m */,
			);
			path = Faq;
			sourceTree = "<group>";
		};
		A409B3BD19A68DB700C83BD4 /* Packages */ = {
			isa = PBXGroup;
			children = (
				A477242719A94D4C000CF8E9 /* TMBImageTableViewCell.h */,
				A477242819A94D4C000CF8E9 /* TMBImageTableViewCell.m */,
				A409B3C019A68DB700C83BD4 /* TMBMapGetLocationTableViewCell.h */,
				A409B3C119A68DB700C83BD4 /* TMBMapGetLocationTableViewCell.m */,
				A409B3C219A68DB700C83BD4 /* TMBPackagesPresentationTableViewCell.h */,
				A409B3C319A68DB700C83BD4 /* TMBPackagesPresentationTableViewCell.m */,
				A409B3C619A68DB700C83BD4 /* TMBTextFieldTableViewCell.h */,
				A409B3C719A68DB700C83BD4 /* TMBTextFieldTableViewCell.m */,
				A409B3C819A68DB700C83BD4 /* TMBTextLabelTableViewCell.h */,
				A409B3C919A68DB700C83BD4 /* TMBTextLabelTableViewCell.m */,
				A49C948519A92BDE00534BBF /* TMBButtonTableViewCell.h */,
				A49C948619A92BDE00534BBF /* TMBButtonTableViewCell.m */,
			);
			path = Packages;
			sourceTree = "<group>";
		};
		A48E3EDE199452F400EA54E2 /* Resources */ = {
			isa = PBXGroup;
			children = (
				A48E3EDF199452F400EA54E2 /* Images */,
			);
			path = Resources;
			sourceTree = "<group>";
		};
		A48E3EDF199452F400EA54E2 /* Images */ = {
			isa = PBXGroup;
			children = (
				A4CA6C0719AA4C31002DEBA3 /* Background.png */,
				A4CA6C0B19AA53E3002DEBA3 /* Background2.png */,
				A4CA6C0819AA4C31002DEBA3 /* Transparent.png */,
				A4CA6C0D19AA5714002DEBA3 /* Label.png */,
			);
			path = Images;
			sourceTree = "<group>";
		};
		A4BAD67019A21B0400EA244B /* API */ = {
			isa = PBXGroup;
			children = (
				A4D9E19719ABEE6900E0B9A0 /* CardIO */,
				A4BAD67119A21B0400EA244B /* iCarousel */,
			);
			path = API;
			sourceTree = "<group>";
		};
		A4BAD67119A21B0400EA244B /* iCarousel */ = {
			isa = PBXGroup;
			children = (
				A4BAD67219A21B0400EA244B /* iCarousel.h */,
				A4BAD67319A21B0400EA244B /* iCarousel.m */,
			);
			path = iCarousel;
			sourceTree = "<group>";
		};
		A4C72EEB19914B4E00536DD7 = {
			isa = PBXGroup;
			children = (
				A4C72EFD19914B4E00536DD7 /* Sky_Venda */,
				A4C72F1F19914B4E00536DD7 /* Sky_VendaTests */,
				A4C72EF619914B4E00536DD7 /* Frameworks */,
				A4C72EF519914B4E00536DD7 /* Products */,
			);
			sourceTree = "<group>";
		};
		A4C72EF519914B4E00536DD7 /* Products */ = {
			isa = PBXGroup;
			children = (
				A4C72EF419914B4E00536DD7 /* Sky_Venda.app */,
				A4C72F1819914B4E00536DD7 /* Sky_VendaTests.xctest */,
			);
			name = Products;
			sourceTree = "<group>";
		};
		A4C72EF619914B4E00536DD7 /* Frameworks */ = {
			isa = PBXGroup;
			children = (
				A4D9E1AE19ABF22500E0B9A0 /* Security.framework */,
				A4D9E1AC19ABF22000E0B9A0 /* QuartzCore.framework */,
				A4D9E1AA19ABF21B00E0B9A0 /* OpenGLES.framework */,
				A4D9E1A819ABF20F00E0B9A0 /* MobileCoreServices.framework */,
				A4D9E1A619ABF20100E0B9A0 /* CoreVideo.framework */,
				A4D9E1A419ABF1FB00E0B9A0 /* CoreMedia.framework */,
				A4D9E1A219ABF1ED00E0B9A0 /* AVFoundation.framework */,
				A4D9E1A019ABF1E400E0B9A0 /* AudioToolbox.framework */,
				A48BBDCA19A909440060047F /* MapKit.framework */,
				A48BBDC819A8FE2B0060047F /* CoreLocation.framework */,
				A409B38419A5166400C83BD4 /* libsqlite3.0.dylib */,
				A4C72EF719914B4E00536DD7 /* Foundation.framework */,
				A4C72EF919914B4E00536DD7 /* CoreGraphics.framework */,
				A4C72EFB19914B4E00536DD7 /* UIKit.framework */,
				A4C72F1919914B4E00536DD7 /* XCTest.framework */,
			);
			name = Frameworks;
			sourceTree = "<group>";
		};
		A4C72EFD19914B4E00536DD7 /* Sky_Venda */ = {
			isa = PBXGroup;
			children = (
				A4C72F0619914B4E00536DD7 /* TMBAppDelegate.h */,
				A4C72F0719914B4E00536DD7 /* TMBAppDelegate.m */,
				A409B39219A68DB700C83BD4 /* Controllers */,
				A409B3AA19A68DB700C83BD4 /* Models */,
				A409B3B719A68DB700C83BD4 /* Views */,
				A4BAD67019A21B0400EA244B /* API */,
				A48E3EDE199452F400EA54E2 /* Resources */,
				A4C72F1219914B4E00536DD7 /* Images.xcassets */,
				A4C72EFE19914B4E00536DD7 /* Supporting Files */,
			);
			path = Sky_Venda;
			sourceTree = "<group>";
		};
		A4C72EFE19914B4E00536DD7 /* Supporting Files */ = {
			isa = PBXGroup;
			children = (
				A4C72EFF19914B4E00536DD7 /* Sky_Venda-Info.plist */,
				A4C72F0019914B4E00536DD7 /* InfoPlist.strings */,
				A4C72F0319914B4E00536DD7 /* main.m */,
				A4C72F0519914B4E00536DD7 /* Sky_Venda-Prefix.pch */,
			);
			name = "Supporting Files";
			sourceTree = "<group>";
		};
		A4C72F1F19914B4E00536DD7 /* Sky_VendaTests */ = {
			isa = PBXGroup;
			children = (
				A4C72F2519914B4E00536DD7 /* Sky_VendaTests.m */,
				A4C72F2019914B4E00536DD7 /* Supporting Files */,
			);
			path = Sky_VendaTests;
			sourceTree = "<group>";
		};
		A4C72F2019914B4E00536DD7 /* Supporting Files */ = {
			isa = PBXGroup;
			children = (
				A4C72F2119914B4E00536DD7 /* Sky_VendaTests-Info.plist */,
				A4C72F2219914B4E00536DD7 /* InfoPlist.strings */,
			);
			name = "Supporting Files";
			sourceTree = "<group>";
		};
		A4D9E19719ABEE6900E0B9A0 /* CardIO */ = {
			isa = PBXGroup;
			children = (
				A4D9E19819ABEE6900E0B9A0 /* CardIO.h */,
				A4D9E19919ABEE6900E0B9A0 /* CardIOCreditCardInfo.h */,
				A4D9E19A19ABEE6900E0B9A0 /* CardIOPaymentViewController.h */,
				A4D9E19B19ABEE6900E0B9A0 /* CardIOPaymentViewControllerDelegate.h */,
				A4D9E19C19ABEE6900E0B9A0 /* CardIOView.h */,
				A4D9E19D19ABEE6900E0B9A0 /* CardIOViewDelegate.h */,
				A4D9E19E19ABEE6900E0B9A0 /* libCardIO.a */,
			);
			path = CardIO;
			sourceTree = "<group>";
		};
/* End PBXGroup section */

/* Begin PBXNativeTarget section */
		A4C72EF319914B4E00536DD7 /* Sky_Venda */ = {
			isa = PBXNativeTarget;
			buildConfigurationList = A4C72F2919914B4E00536DD7 /* Build configuration list for PBXNativeTarget "Sky_Venda" */;
			buildPhases = (
				A4C72EF019914B4E00536DD7 /* Sources */,
				A4C72EF119914B4E00536DD7 /* Frameworks */,
				A4C72EF219914B4E00536DD7 /* Resources */,
			);
			buildRules = (
			);
			dependencies = (
			);
			name = Sky_Venda;
			productName = Sky_Venda;
			productReference = A4C72EF419914B4E00536DD7 /* Sky_Venda.app */;
			productType = "com.apple.product-type.application";
		};
		A4C72F1719914B4E00536DD7 /* Sky_VendaTests */ = {
			isa = PBXNativeTarget;
			buildConfigurationList = A4C72F2C19914B4E00536DD7 /* Build configuration list for PBXNativeTarget "Sky_VendaTests" */;
			buildPhases = (
				A4C72F1419914B4E00536DD7 /* Sources */,
				A4C72F1519914B4E00536DD7 /* Frameworks */,
				A4C72F1619914B4E00536DD7 /* Resources */,
			);
			buildRules = (
			);
			dependencies = (
				A4C72F1E19914B4E00536DD7 /* PBXTargetDependency */,
			);
			name = Sky_VendaTests;
			productName = Sky_VendaTests;
			productReference = A4C72F1819914B4E00536DD7 /* Sky_VendaTests.xctest */;
			productType = "com.apple.product-type.bundle.unit-test";
		};
/* End PBXNativeTarget section */

/* Begin PBXProject section */
		A4C72EEC19914B4E00536DD7 /* Project object */ = {
			isa = PBXProject;
			attributes = {
				CLASSPREFIX = TMB;
				LastUpgradeCheck = 0510;
				ORGANIZATIONNAME = TMB;
				TargetAttributes = {
					A4C72EF319914B4E00536DD7 = {
						SystemCapabilities = {
							com.apple.iOS = {
								enabled = 1;
							};
						};
					};
					A4C72F1719914B4E00536DD7 = {
						TestTargetID = A4C72EF319914B4E00536DD7;
					};
				};
			};
			buildConfigurationList = A4C72EEF19914B4E00536DD7 /* Build configuration list for PBXProject "Sky_Venda" */;
			compatibilityVersion = "Xcode 3.2";
			developmentRegion = English;
			hasScannedForEncodings = 0;
			knownRegions = (
				en,
				Base,
			);
			mainGroup = A4C72EEB19914B4E00536DD7;
			productRefGroup = A4C72EF519914B4E00536DD7 /* Products */;
			projectDirPath = "";
			projectRoot = "";
			targets = (
				A4C72EF319914B4E00536DD7 /* Sky_Venda */,
				A4C72F1719914B4E00536DD7 /* Sky_VendaTests */,
			);
		};
/* End PBXProject section */

/* Begin PBXResourcesBuildPhase section */
		A4C72EF219914B4E00536DD7 /* Resources */ = {
			isa = PBXResourcesBuildPhase;
			buildActionMask = 2147483647;
			files = (
				A4CA6C0E19AA5714002DEBA3 /* Label.png in Resources */,
				A4CA6C0A19AA4C31002DEBA3 /* Transparent.png in Resources */,
				A409B3DA19A68DB700C83BD4 /* Main_iPhone.storyboard in Resources */,
				A4C72F1319914B4E00536DD7 /* Images.xcassets in Resources */,
				A409B3D919A68DB700C83BD4 /* Main_iPad.storyboard in Resources */,
				A4CA6C0C19AA53E3002DEBA3 /* Background2.png in Resources */,
				A409B3D719A68DB700C83BD4 /* SKY_VENDA.sqlite in Resources */,
				A4CA6C0919AA4C31002DEBA3 /* Background.png in Resources */,
				A4C72F0219914B4E00536DD7 /* InfoPlist.strings in Resources */,
			);
			runOnlyForDeploymentPostprocessing = 0;
		};
		A4C72F1619914B4E00536DD7 /* Resources */ = {
			isa = PBXResourcesBuildPhase;
			buildActionMask = 2147483647;
			files = (
				A4C72F2419914B4E00536DD7 /* InfoPlist.strings in Resources */,
			);
			runOnlyForDeploymentPostprocessing = 0;
		};
/* End PBXResourcesBuildPhase section */

/* Begin PBXSourcesBuildPhase section */
		A4C72EF019914B4E00536DD7 /* Sources */ = {
			isa = PBXSourcesBuildPhase;
			buildActionMask = 2147483647;
			files = (
				A4D9E1B519ABFAD800E0B9A0 /* TMBPaymentSingleton.m in Sources */,
				A4C72F0819914B4E00536DD7 /* TMBAppDelegate.m in Sources */,
				A409B3E919A6A8A000C83BD4 /* TMBCreditCard.m in Sources */,
				A409B3E319A6941A00C83BD4 /* TMBAdress.m in Sources */,
				A409B3D519A68DB700C83BD4 /* TMBPrivateSignatureDataDAO.m in Sources */,
				A409B3DF19A68DB700C83BD4 /* TMBTextFieldTableViewCell.m in Sources */,
				A409B3CB19A68DB700C83BD4 /* TMBFaqAnswerViewController.m in Sources */,
				A409B3D119A68DB700C83BD4 /* TMBPackagePresentationViewController.m in Sources */,
				A409B3D319A68DB700C83BD4 /* TMBClient.m in Sources */,
				A4D9E1B219ABF6A600E0B9A0 /* TMBCardIOAPIViewController.m in Sources */,
				A409B3DD19A68DB700C83BD4 /* TMBPackagesPresentationTableViewCell.m in Sources */,
				A409B3DC19A68DB700C83BD4 /* TMBMapGetLocationTableViewCell.m in Sources */,
				A409B3D219A68DB700C83BD4 /* TMBPaymentDataViewController.m in Sources */,
				A48BBDC119A8E2020060047F /* TMBEnterpriseContact.m in Sources */,
				A4C72F0419914B4E00536DD7 /* main.m in Sources */,
				A48176A619A82F7C00455EE0 /* TMBPackageSingleton.m in Sources */,
				A481769A19A7D08800455EE0 /* TMBFaqSingleton.m in Sources */,
				A409B3CF19A68DB700C83BD4 /* TMBInstallationAdressDataViewController.m in Sources */,
				A409B3E019A68DB700C83BD4 /* TMBTextLabelTableViewCell.m in Sources */,
				A409B3CE19A68DB700C83BD4 /* TMBClientDataViewController.m in Sources */,
				A409B3EF19A6D7BF00C83BD4 /* TMBSignatureSingleton.m in Sources */,
				A477242919A94D4C000CF8E9 /* TMBImageTableViewCell.m in Sources */,
				A409B3CC19A68DB700C83BD4 /* TMBFaqListViewController.m in Sources */,
				A409B3D019A68DB700C83BD4 /* TMBPackageAdhesionViewController.m in Sources */,
				A48176A019A82A4900455EE0 /* TMBPackageDAO.m in Sources */,
				A49C948719A92BDE00534BBF /* TMBButtonTableViewCell.m in Sources */,
				A48BBDC719A8E9940060047F /* TMBEnterpriseContactDAO.m in Sources */,
				A481769719A7CA0300455EE0 /* TMBFaqDAO.m in Sources */,
				A4BAD67419A21B0400EA244B /* iCarousel.m in Sources */,
				A409B3D819A68DB700C83BD4 /* TMBFaqTableViewCell.m in Sources */,
				A48176A319A82AF600455EE0 /* TMBPackage.m in Sources */,
				A48BBDC419A8E8B40060047F /* TMBEnterpriseContactSingleton.m in Sources */,
				A481769419A7C96300455EE0 /* TMBFaq.m in Sources */,
				A409B3EC19A6AFDA00C83BD4 /* TMBSignature.m in Sources */,
			);
			runOnlyForDeploymentPostprocessing = 0;
		};
		A4C72F1419914B4E00536DD7 /* Sources */ = {
			isa = PBXSourcesBuildPhase;
			buildActionMask = 2147483647;
			files = (
				A4C72F2619914B4E00536DD7 /* Sky_VendaTests.m in Sources */,
			);
			runOnlyForDeploymentPostprocessing = 0;
		};
/* End PBXSourcesBuildPhase section */

/* Begin PBXTargetDependency section */
		A4C72F1E19914B4E00536DD7 /* PBXTargetDependency */ = {
			isa = PBXTargetDependency;
			target = A4C72EF319914B4E00536DD7 /* Sky_Venda */;
			targetProxy = A4C72F1D19914B4E00536DD7 /* PBXContainerItemProxy */;
		};
/* End PBXTargetDependency section */

/* Begin PBXVariantGroup section */
		A4C72F0019914B4E00536DD7 /* InfoPlist.strings */ = {
			isa = PBXVariantGroup;
			children = (
				A4C72F0119914B4E00536DD7 /* en */,
			);
			name = InfoPlist.strings;
			sourceTree = "<group>";
		};
		A4C72F2219914B4E00536DD7 /* InfoPlist.strings */ = {
			isa = PBXVariantGroup;
			children = (
				A4C72F2319914B4E00536DD7 /* en */,
			);
			name = InfoPlist.strings;
			sourceTree = "<group>";
		};
/* End PBXVariantGroup section */

/* Begin XCBuildConfiguration section */
		A4C72F2719914B4E00536DD7 /* Debug */ = {
			isa = XCBuildConfiguration;
			buildSettings = {
				ALWAYS_SEARCH_USER_PATHS = NO;
				CLANG_CXX_LANGUAGE_STANDARD = "gnu++0x";
				CLANG_CXX_LIBRARY = "libc++";
				CLANG_ENABLE_MODULES = YES;
				CLANG_ENABLE_OBJC_ARC = YES;
				CLANG_WARN_BOOL_CONVERSION = YES;
				CLANG_WARN_CONSTANT_CONVERSION = YES;
				CLANG_WARN_DIRECT_OBJC_ISA_USAGE = YES_ERROR;
				CLANG_WARN_EMPTY_BODY = YES;
				CLANG_WARN_ENUM_CONVERSION = YES;
				CLANG_WARN_INT_CONVERSION = YES;
				CLANG_WARN_OBJC_ROOT_CLASS = YES_ERROR;
				CLANG_WARN__DUPLICATE_METHOD_MATCH = YES;
				"CODE_SIGN_IDENTITY[sdk=iphoneos*]" = "iPhone Developer";
				COPY_PHASE_STRIP = NO;
				GCC_C_LANGUAGE_STANDARD = gnu99;
				GCC_DYNAMIC_NO_PIC = NO;
				GCC_OPTIMIZATION_LEVEL = 0;
				GCC_PREPROCESSOR_DEFINITIONS = (
					"DEBUG=1",
					"$(inherited)",
				);
				GCC_SYMBOLS_PRIVATE_EXTERN = NO;
				GCC_WARN_64_TO_32_BIT_CONVERSION = YES;
				GCC_WARN_ABOUT_RETURN_TYPE = YES_ERROR;
				GCC_WARN_UNDECLARED_SELECTOR = YES;
				GCC_WARN_UNINITIALIZED_AUTOS = YES_AGGRESSIVE;
				GCC_WARN_UNUSED_FUNCTION = YES;
				GCC_WARN_UNUSED_VARIABLE = YES;
				IPHONEOS_DEPLOYMENT_TARGET = 7.1;
				ONLY_ACTIVE_ARCH = YES;
				SDKROOT = iphoneos;
				TARGETED_DEVICE_FAMILY = "1,2";
			};
			name = Debug;
		};
		A4C72F2819914B4E00536DD7 /* Release */ = {
			isa = XCBuildConfiguration;
			buildSettings = {
				ALWAYS_SEARCH_USER_PATHS = NO;
				CLANG_CXX_LANGUAGE_STANDARD = "gnu++0x";
				CLANG_CXX_LIBRARY = "libc++";
				CLANG_ENABLE_MODULES = YES;
				CLANG_ENABLE_OBJC_ARC = YES;
				CLANG_WARN_BOOL_CONVERSION = YES;
				CLANG_WARN_CONSTANT_CONVERSION = YES;
				CLANG_WARN_DIRECT_OBJC_ISA_USAGE = YES_ERROR;
				CLANG_WARN_EMPTY_BODY = YES;
				CLANG_WARN_ENUM_CONVERSION = YES;
				CLANG_WARN_INT_CONVERSION = YES;
				CLANG_WARN_OBJC_ROOT_CLASS = YES_ERROR;
				CLANG_WARN__DUPLICATE_METHOD_MATCH = YES;
				"CODE_SIGN_IDENTITY[sdk=iphoneos*]" = "iPhone Developer";
				COPY_PHASE_STRIP = YES;
				ENABLE_NS_ASSERTIONS = NO;
				GCC_C_LANGUAGE_STANDARD = gnu99;
				GCC_WARN_64_TO_32_BIT_CONVERSION = YES;
				GCC_WARN_ABOUT_RETURN_TYPE = YES_ERROR;
				GCC_WARN_UNDECLARED_SELECTOR = YES;
				GCC_WARN_UNINITIALIZED_AUTOS = YES_AGGRESSIVE;
				GCC_WARN_UNUSED_FUNCTION = YES;
				GCC_WARN_UNUSED_VARIABLE = YES;
				IPHONEOS_DEPLOYMENT_TARGET = 7.1;
				SDKROOT = iphoneos;
				TARGETED_DEVICE_FAMILY = "1,2";
				VALIDATE_PRODUCT = YES;
			};
			name = Release;
		};
		A4C72F2A19914B4E00536DD7 /* Debug */ = {
			isa = XCBuildConfiguration;
			buildSettings = {
				ASSETCATALOG_COMPILER_APPICON_NAME = AppIcon;
				ASSETCATALOG_COMPILER_LAUNCHIMAGE_NAME = LaunchImage;
				GCC_PRECOMPILE_PREFIX_HEADER = YES;
				GCC_PREFIX_HEADER = "Sky_Venda/Sky_Venda-Prefix.pch";
				INFOPLIST_FILE = "Sky_Venda/Sky_Venda-Info.plist";
				IPHONEOS_DEPLOYMENT_TARGET = 7.0;
				LIBRARY_SEARCH_PATHS = (
					"$(inherited)",
					"$(PROJECT_DIR)/Sky_Venda/API/CardIO",
				);
				OTHER_LDFLAGS = "-lc++";
				PRODUCT_NAME = "$(TARGET_NAME)";
				WRAPPER_EXTENSION = app;
			};
			name = Debug;
		};
		A4C72F2B19914B4E00536DD7 /* Release */ = {
			isa = XCBuildConfiguration;
			buildSettings = {
				ASSETCATALOG_COMPILER_APPICON_NAME = AppIcon;
				ASSETCATALOG_COMPILER_LAUNCHIMAGE_NAME = LaunchImage;
				GCC_PRECOMPILE_PREFIX_HEADER = YES;
				GCC_PREFIX_HEADER = "Sky_Venda/Sky_Venda-Prefix.pch";
				INFOPLIST_FILE = "Sky_Venda/Sky_Venda-Info.plist";
				IPHONEOS_DEPLOYMENT_TARGET = 7.0;
				LIBRARY_SEARCH_PATHS = (
					"$(inherited)",
					"$(PROJECT_DIR)/Sky_Venda/API/CardIO",
				);
				OTHER_LDFLAGS = "-lc++";
				PRODUCT_NAME = "$(TARGET_NAME)";
				WRAPPER_EXTENSION = app;
			};
			name = Release;
		};
		A4C72F2D19914B4E00536DD7 /* Debug */ = {
			isa = XCBuildConfiguration;
			buildSettings = {
				BUNDLE_LOADER = "$(BUILT_PRODUCTS_DIR)/Sky_Venda.app/Sky_Venda";
				FRAMEWORK_SEARCH_PATHS = (
					"$(SDKROOT)/Developer/Library/Frameworks",
					"$(inherited)",
					"$(DEVELOPER_FRAMEWORKS_DIR)",
				);
				GCC_PRECOMPILE_PREFIX_HEADER = YES;
				GCC_PREFIX_HEADER = "Sky_Venda/Sky_Venda-Prefix.pch";
				GCC_PREPROCESSOR_DEFINITIONS = (
					"DEBUG=1",
					"$(inherited)",
				);
				INFOPLIST_FILE = "Sky_VendaTests/Sky_VendaTests-Info.plist";
				PRODUCT_NAME = "$(TARGET_NAME)";
				TEST_HOST = "$(BUNDLE_LOADER)";
				WRAPPER_EXTENSION = xctest;
			};
			name = Debug;
		};
		A4C72F2E19914B4E00536DD7 /* Release */ = {
			isa = XCBuildConfiguration;
			buildSettings = {
				BUNDLE_LOADER = "$(BUILT_PRODUCTS_DIR)/Sky_Venda.app/Sky_Venda";
				FRAMEWORK_SEARCH_PATHS = (
					"$(SDKROOT)/Developer/Library/Frameworks",
					"$(inherited)",
					"$(DEVELOPER_FRAMEWORKS_DIR)",
				);
				GCC_PRECOMPILE_PREFIX_HEADER = YES;
				GCC_PREFIX_HEADER = "Sky_Venda/Sky_Venda-Prefix.pch";
				INFOPLIST_FILE = "Sky_VendaTests/Sky_VendaTests-Info.plist";
				PRODUCT_NAME = "$(TARGET_NAME)";
				TEST_HOST = "$(BUNDLE_LOADER)";
				WRAPPER_EXTENSION = xctest;
			};
			name = Release;
		};
/* End XCBuildConfiguration section */

/* Begin XCConfigurationList section */
		A4C72EEF19914B4E00536DD7 /* Build configuration list for PBXProject "Sky_Venda" */ = {
			isa = XCConfigurationList;
			buildConfigurations = (
				A4C72F2719914B4E00536DD7 /* Debug */,
				A4C72F2819914B4E00536DD7 /* Release */,
			);
			defaultConfigurationIsVisible = 0;
			defaultConfigurationName = Release;
		};
		A4C72F2919914B4E00536DD7 /* Build configuration list for PBXNativeTarget "Sky_Venda" */ = {
			isa = XCConfigurationList;
			buildConfigurations = (
				A4C72F2A19914B4E00536DD7 /* Debug */,
				A4C72F2B19914B4E00536DD7 /* Release */,
			);
			defaultConfigurationIsVisible = 0;
			defaultConfigurationName = Release;
		};
		A4C72F2C19914B4E00536DD7 /* Build configuration list for PBXNativeTarget "Sky_VendaTests" */ = {
			isa = XCConfigurationList;
			buildConfigurations = (
				A4C72F2D19914B4E00536DD7 /* Debug */,
				A4C72F2E19914B4E00536DD7 /* Release */,
			);
			defaultConfigurationIsVisible = 0;
			defaultConfigurationName = Release;
		};
/* End XCConfigurationList section */
	};
	rootObject = A4C72EEC19914B4E00536DD7 /* Project object */;
}
